
Microsoft Visual Studio Solution File, Format Version 12.00
# Visual Studio Version 16
VisualStudioVersion = 16.0.28407.52
MinimumVisualStudioVersion = 10.0.40219.1
Project("{FAE04EC0-301F-11D3-BF4B-00C04F79EFBC}") = "Nozzibot", "Nozzibot\Nozzibot.csproj", "{99C95571-B641-4E46-975A-AC41D6088482}"
EndProject
Global
	GlobalSection(SolutionConfigurationPlatforms) = preSolution
		Debug|Any CPU = Debug|Any CPU
		Release|Any CPU = Release|Any CPU
	EndGlobalSection
	GlobalSection(ProjectConfigurationPlatforms) = postSolution
		{99C95571-B641-4E46-975A-AC41D6088482}.Debug|Any CPU.ActiveCfg = Debug|Any CPU
		{99C95571-B641-4E46-975A-AC41D6088482}.Debug|Any CPU.Build.0 = Debug|Any CPU
		{99C95571-B641-4E46-975A-AC41D6088482}.Release|Any CPU.ActiveCfg = Release|Any CPU
		{99C95571-B641-4E46-975A-AC41D6088482}.Release|Any CPU.Build.0 = Release|Any CPU
	EndGlobalSection
	GlobalSection(SolutionProperties) = preSolution
		HideSolutionNode = FALSE
	EndGlobalSection
	GlobalSection(ExtensibilityGlobals) = postSolution
		SolutionGuid = {556D0216-FDE5-4DCA-805A-FFC6D3FC22A9}
	EndGlobalSection
EndGlobal
